
Microsoft Visual Studio Solution File, Format Version 12.00
# Visual Studio Version 17
VisualStudioVersion = 17.13.35931.197
MinimumVisualStudioVersion = 10.0.40219.1
Project("{FAE04EC0-301F-11D3-BF4B-00C04F79EFBC}") = "PP-Eshop", "PP-Eshop\PP-Eshop.csproj", "{4BFD365D-6DDA-4EF7-9EEA-B9DD7CA1182D}"
EndProject
Project("{2150E333-8FDC-42A3-9474-1A3956D46DE8}") = "Eshop", "Eshop", "{02EA681E-C7D8-13C7-8484-4AC65E1B71E8}"
EndProject
Project("{2150E333-8FDC-42A3-9474-1A3956D46DE8}") = "User", "User", "{B757161B-E01B-4989-993F-4E9245F1936A}"
EndProject
Project("{2150E333-8FDC-42A3-9474-1A3956D46DE8}") = "Product", "Product", "{B4E6E547-A800-48A7-85C7-053696B2FC5D}"
EndProject
Project("{FAE04EC0-301F-11D3-BF4B-00C04F79EFBC}") = "User.Domain", "User.Domain\User.Domain.csproj", "{DF7C8E64-77FF-4B6E-A16E-B6598E2F6F85}"
EndProject
Project("{FAE04EC0-301F-11D3-BF4B-00C04F79EFBC}") = "User.Application", "User.Application\User.Application.csproj", "{5CF8B4C8-7F17-4863-9C9A-7D642CF07D1E}"
EndProject
Project("{FAE04EC0-301F-11D3-BF4B-00C04F79EFBC}") = "UserService", "UserService\UserService.csproj", "{73C7A726-CD33-4DBD-BEAD-BCD575CD7DBB}"
EndProject
Project("{FAE04EC0-301F-11D3-BF4B-00C04F79EFBC}") = "ProductService", "ProductService\ProductService.csproj", "{D4F54B36-5584-4287-9F03-29D310E68FC3}"
EndProject
Project("{FAE04EC0-301F-11D3-BF4B-00C04F79EFBC}") = "Product.Domain", "Product.Domain\Product.Domain.csproj", "{FDA8CC31-688F-4023-AF36-2E67AA225D51}"
EndProject
Project("{FAE04EC0-301F-11D3-BF4B-00C04F79EFBC}") = "Product.Application", "Product.Application\Product.Application.csproj", "{BB0DBE95-4686-440D-9A02-B6EF43D5759B}"
EndProject
Project("{E53339B2-1760-4266-BCC7-CA923CBCF16C}") = "docker-compose", "docker-compose.dcproj", "{81DDED9D-158B-E303-5F62-77A2896D2A5A}"
EndProject
Project("{FAE04EC0-301F-11D3-BF4B-00C04F79EFBC}") = "Eshop.Domain", "Eshop.Domain\Eshop.Domain.csproj", "{7A7A4390-6FFB-455F-BD1F-F62D8DF776F3}"
EndProject
Project("{FAE04EC0-301F-11D3-BF4B-00C04F79EFBC}") = "Eshop.Application", "Eshop.Application\Eshop.Application.csproj", "{F382D5D2-F1A0-4B14-AB27-BC169F63F40F}"
EndProject
Project("{2150E333-8FDC-42A3-9474-1A3956D46DE8}") = "data", "data", "{FB9EF1DB-24C8-4141-AD18-114AE818EB29}"
	ProjectSection(SolutionItems) = preProject
		private.key = private.key
		public.key = public.key
	EndProjectSection
EndProject
Project("{2150E333-8FDC-42A3-9474-1A3956D46DE8}") = "Solution Items", "Solution Items", "{4A91A1C4-9B2B-414D-AAC2-70CD40AAFA4F}"
	ProjectSection(SolutionItems) = preProject
		.env = .env
	EndProjectSection
EndProject
Global
	GlobalSection(SolutionConfigurationPlatforms) = preSolution
		Debug|Any CPU = Debug|Any CPU
		Release|Any CPU = Release|Any CPU
	EndGlobalSection
	GlobalSection(ProjectConfigurationPlatforms) = postSolution
		{4BFD365D-6DDA-4EF7-9EEA-B9DD7CA1182D}.Debug|Any CPU.ActiveCfg = Debug|Any CPU
		{4BFD365D-6DDA-4EF7-9EEA-B9DD7CA1182D}.Debug|Any CPU.Build.0 = Debug|Any CPU
		{4BFD365D-6DDA-4EF7-9EEA-B9DD7CA1182D}.Release|Any CPU.ActiveCfg = Release|Any CPU
		{4BFD365D-6DDA-4EF7-9EEA-B9DD7CA1182D}.Release|Any CPU.Build.0 = Release|Any CPU
		{DF7C8E64-77FF-4B6E-A16E-B6598E2F6F85}.Debug|Any CPU.ActiveCfg = Debug|Any CPU
		{DF7C8E64-77FF-4B6E-A16E-B6598E2F6F85}.Debug|Any CPU.Build.0 = Debug|Any CPU
		{DF7C8E64-77FF-4B6E-A16E-B6598E2F6F85}.Release|Any CPU.ActiveCfg = Release|Any CPU
		{DF7C8E64-77FF-4B6E-A16E-B6598E2F6F85}.Release|Any CPU.Build.0 = Release|Any CPU
		{5CF8B4C8-7F17-4863-9C9A-7D642CF07D1E}.Debug|Any CPU.ActiveCfg = Debug|Any CPU
		{5CF8B4C8-7F17-4863-9C9A-7D642CF07D1E}.Debug|Any CPU.Build.0 = Debug|Any CPU
		{5CF8B4C8-7F17-4863-9C9A-7D642CF07D1E}.Release|Any CPU.ActiveCfg = Release|Any CPU
		{5CF8B4C8-7F17-4863-9C9A-7D642CF07D1E}.Release|Any CPU.Build.0 = Release|Any CPU
		{73C7A726-CD33-4DBD-BEAD-BCD575CD7DBB}.Debug|Any CPU.ActiveCfg = Debug|Any CPU
		{73C7A726-CD33-4DBD-BEAD-BCD575CD7DBB}.Debug|Any CPU.Build.0 = Debug|Any CPU
		{73C7A726-CD33-4DBD-BEAD-BCD575CD7DBB}.Release|Any CPU.ActiveCfg = Release|Any CPU
		{73C7A726-CD33-4DBD-BEAD-BCD575CD7DBB}.Release|Any CPU.Build.0 = Release|Any CPU
		{D4F54B36-5584-4287-9F03-29D310E68FC3}.Debug|Any CPU.ActiveCfg = Debug|Any CPU
		{D4F54B36-5584-4287-9F03-29D310E68FC3}.Debug|Any CPU.Build.0 = Debug|Any CPU
		{D4F54B36-5584-4287-9F03-29D310E68FC3}.Release|Any CPU.ActiveCfg = Release|Any CPU
		{D4F54B36-5584-4287-9F03-29D310E68FC3}.Release|Any CPU.Build.0 = Release|Any CPU
		{FDA8CC31-688F-4023-AF36-2E67AA225D51}.Debug|Any CPU.ActiveCfg = Debug|Any CPU
		{FDA8CC31-688F-4023-AF36-2E67AA225D51}.Debug|Any CPU.Build.0 = Debug|Any CPU
		{FDA8CC31-688F-4023-AF36-2E67AA225D51}.Release|Any CPU.ActiveCfg = Release|Any CPU
		{FDA8CC31-688F-4023-AF36-2E67AA225D51}.Release|Any CPU.Build.0 = Release|Any CPU
		{BB0DBE95-4686-440D-9A02-B6EF43D5759B}.Debug|Any CPU.ActiveCfg = Debug|Any CPU
		{BB0DBE95-4686-440D-9A02-B6EF43D5759B}.Debug|Any CPU.Build.0 = Debug|Any CPU
		{BB0DBE95-4686-440D-9A02-B6EF43D5759B}.Release|Any CPU.ActiveCfg = Release|Any CPU
		{BB0DBE95-4686-440D-9A02-B6EF43D5759B}.Release|Any CPU.Build.0 = Release|Any CPU
		{81DDED9D-158B-E303-5F62-77A2896D2A5A}.Debug|Any CPU.ActiveCfg = Debug|Any CPU
		{81DDED9D-158B-E303-5F62-77A2896D2A5A}.Debug|Any CPU.Build.0 = Debug|Any CPU
		{81DDED9D-158B-E303-5F62-77A2896D2A5A}.Release|Any CPU.ActiveCfg = Release|Any CPU
		{81DDED9D-158B-E303-5F62-77A2896D2A5A}.Release|Any CPU.Build.0 = Release|Any CPU
		{7A7A4390-6FFB-455F-BD1F-F62D8DF776F3}.Debug|Any CPU.ActiveCfg = Debug|Any CPU
		{7A7A4390-6FFB-455F-BD1F-F62D8DF776F3}.Debug|Any CPU.Build.0 = Debug|Any CPU
		{7A7A4390-6FFB-455F-BD1F-F62D8DF776F3}.Release|Any CPU.ActiveCfg = Release|Any CPU
		{7A7A4390-6FFB-455F-BD1F-F62D8DF776F3}.Release|Any CPU.Build.0 = Release|Any CPU
		{F382D5D2-F1A0-4B14-AB27-BC169F63F40F}.Debug|Any CPU.ActiveCfg = Debug|Any CPU
		{F382D5D2-F1A0-4B14-AB27-BC169F63F40F}.Debug|Any CPU.Build.0 = Debug|Any CPU
		{F382D5D2-F1A0-4B14-AB27-BC169F63F40F}.Release|Any CPU.ActiveCfg = Release|Any CPU
		{F382D5D2-F1A0-4B14-AB27-BC169F63F40F}.Release|Any CPU.Build.0 = Release|Any CPU
	EndGlobalSection
	GlobalSection(SolutionProperties) = preSolution
		HideSolutionNode = FALSE
	EndGlobalSection
	GlobalSection(NestedProjects) = preSolution
		{4BFD365D-6DDA-4EF7-9EEA-B9DD7CA1182D} = {02EA681E-C7D8-13C7-8484-4AC65E1B71E8}
		{DF7C8E64-77FF-4B6E-A16E-B6598E2F6F85} = {B757161B-E01B-4989-993F-4E9245F1936A}
		{5CF8B4C8-7F17-4863-9C9A-7D642CF07D1E} = {B757161B-E01B-4989-993F-4E9245F1936A}
		{73C7A726-CD33-4DBD-BEAD-BCD575CD7DBB} = {B757161B-E01B-4989-993F-4E9245F1936A}
		{D4F54B36-5584-4287-9F03-29D310E68FC3} = {B4E6E547-A800-48A7-85C7-053696B2FC5D}
		{FDA8CC31-688F-4023-AF36-2E67AA225D51} = {B4E6E547-A800-48A7-85C7-053696B2FC5D}
		{BB0DBE95-4686-440D-9A02-B6EF43D5759B} = {B4E6E547-A800-48A7-85C7-053696B2FC5D}
		{7A7A4390-6FFB-455F-BD1F-F62D8DF776F3} = {02EA681E-C7D8-13C7-8484-4AC65E1B71E8}
		{F382D5D2-F1A0-4B14-AB27-BC169F63F40F} = {02EA681E-C7D8-13C7-8484-4AC65E1B71E8}
	EndGlobalSection
	GlobalSection(ExtensibilityGlobals) = postSolution
		SolutionGuid = {885F2FBE-EE06-4AB3-93D2-FE3D9AC49343}
	EndGlobalSection
EndGlobal
