
Microsoft Visual Studio Solution File, Format Version 12.00
# Visual Studio Version 17
VisualStudioVersion = 17.13.35931.197
MinimumVisualStudioVersion = 10.0.40219.1
Project("{FAE04EC0-301F-11D3-BF4B-00C04F79EFBC}") = "PP-Eshop", "PP-Eshop\PP-Eshop.csproj", "{4BFD365D-6DDA-4EF7-9EEA-B9DD7CA1182D}"
EndProject
Project("{2150E333-8FDC-42A3-9474-1A3956D46DE8}") = "Eshop", "Eshop", "{02EA681E-C7D8-13C7-8484-4AC65E1B71E8}"
EndProject
Project("{2150E333-8FDC-42A3-9474-1A3956D46DE8}") = "User", "User", "{B757161B-E01B-4989-993F-4E9245F1936A}"
EndProject
Project("{2150E333-8FDC-42A3-9474-1A3956D46DE8}") = "Product", "Product", "{B4E6E547-A800-48A7-85C7-053696B2FC5D}"
EndProject
Project("{FAE04EC0-301F-11D3-BF4B-00C04F79EFBC}") = "User.Domain", "User.Domain\User.Domain.csproj", "{DF7C8E64-77FF-4B6E-A16E-B6598E2F6F85}"
EndProject
Project("{FAE04EC0-301F-11D3-BF4B-00C04F79EFBC}") = "User.Application", "User.Application\User.Application.csproj", "{5CF8B4C8-7F17-4863-9C9A-7D642CF07D1E}"
EndProject
Project("{FAE04EC0-301F-11D3-BF4B-00C04F79EFBC}") = "UserService", "UserService\UserService.csproj", "{73C7A726-CD33-4DBD-BEAD-BCD575CD7DBB}"
EndProject
Project("{FAE04EC0-301F-11D3-BF4B-00C04F79EFBC}") = "ProductService", "ProductService\ProductService.csproj", "{D4F54B36-5584-4287-9F03-29D310E68FC3}"
EndProject
Project("{FAE04EC0-301F-11D3-BF4B-00C04F79EFBC}") = "Product.Domain", "Product.Domain\Product.Domain.csproj", "{FDA8CC31-688F-4023-AF36-2E67AA225D51}"
EndProject
Project("{FAE04EC0-301F-11D3-BF4B-00C04F79EFBC}") = "Product.Application", "Product.Application\Product.Application.csproj", "{BB0DBE95-4686-440D-9A02-B6EF43D5759B}"
EndProject
Project("{E53339B2-1760-4266-BCC7-CA923CBCF16C}") = "docker-compose", "docker-compose.dcproj", "{81DDED9D-158B-E303-5F62-77A2896D2A5A}"
EndProject
Project("{FAE04EC0-301F-11D3-BF4B-00C04F79EFBC}") = "Eshop.Domain", "Eshop.Domain\Eshop.Domain.csproj", "{7A7A4390-6FFB-455F-BD1F-F62D8DF776F3}"
EndProject
Project("{FAE04EC0-301F-11D3-BF4B-00C04F79EFBC}") = "Eshop.Application", "Eshop.Application\Eshop.Application.csproj", "{F382D5D2-F1A0-4B14-AB27-BC169F63F40F}"
EndProject
Project("{2150E333-8FDC-42A3-9474-1A3956D46DE8}") = "data", "data", "{FB9EF1DB-24C8-4141-AD18-114AE818EB29}"
	ProjectSection(SolutionItems) = preProject
		private.key = private.key
		public.key = public.key
	EndProjectSection
EndProject
Project("{2150E333-8FDC-42A3-9474-1A3956D46DE8}") = "Solution Items", "Solution Items", "{4A91A1C4-9B2B-414D-AAC2-70CD40AAFA4F}"
	ProjectSection(SolutionItems) = preProject
		.env = .env
	EndProjectSection
EndProject
Project("{2150E333-8FDC-42A3-9474-1A3956D46DE8}") = "Test", "Test", "{E3EAB5A8-13BC-4145-A62B-CFD41EB603C8}"
EndProject
Project("{FAE04EC0-301F-11D3-BF4B-00C04F79EFBC}") = "EShop.Application.Tests", "..\EShop.Application.Tests\EShop.Application.Tests.csproj", "{605D97C7-1C89-40B6-BB37-7B18D7EA2987}"
EndProject
Project("{FAE04EC0-301F-11D3-BF4B-00C04F79EFBC}") = "EShop.Domain.Tests", "..\EShop.Domain.Tests\EShop.Domain.Tests.csproj", "{48A817A2-6494-4F28-A5DB-83EA1F8638C2}"
EndProject
Project("{FAE04EC0-301F-11D3-BF4B-00C04F79EFBC}") = "EShop.Domain.IntegrationTests", "..\EShop.Domain.IntegrationTests\EShop.Domain.IntegrationTests.csproj", "{85A655FE-C466-4120-BFBE-59B590244BD1}"
EndProject
Project("{FAE04EC0-301F-11D3-BF4B-00C04F79EFBC}") = "EShop.Application.IntegrationTests", "..\EShop.Application.IntegrationTests\EShop.Application.IntegrationTests.csproj", "{3EFCFB7F-C6BC-4588-B72A-B88ADB7EF597}"
EndProject
Project("{2150E333-8FDC-42A3-9474-1A3956D46DE8}") = "Test", "Test", "{5D1995BB-EB36-418F-B5DA-256AD3638D20}"
EndProject
Project("{FAE04EC0-301F-11D3-BF4B-00C04F79EFBC}") = "Product.Application.Tests", "..\Product.Application.Tests\Product.Application.Tests.csproj", "{1B0AA477-D83A-4C54-BB01-F19793D0CA62}"
EndProject
Project("{FAE04EC0-301F-11D3-BF4B-00C04F79EFBC}") = "Product.Domain.Tests", "..\Product.Domain.Tests\Product.Domain.Tests.csproj", "{AEB3B871-582A-4F4C-8D2A-B251B4E27A6E}"
EndProject
Project("{FAE04EC0-301F-11D3-BF4B-00C04F79EFBC}") = "Product.Domain.IntegrationTests", "..\Product.Domain.IntegrationTests\Product.Domain.IntegrationTests.csproj", "{BB9CD6D0-14D0-4EB7-889B-4F28D5508D0C}"
EndProject
Project("{FAE04EC0-301F-11D3-BF4B-00C04F79EFBC}") = "Product.Application.IntegrationTests", "..\Product.Application.IntegrationTests\Product.Application.IntegrationTests.csproj", "{AFDD6469-D572-41BD-8BE6-51DF4ED5BD3F}"
EndProject
Project("{FAE04EC0-301F-11D3-BF4B-00C04F79EFBC}") = "PP-EShop.Tests", "..\PP-EShop.Tests\PP-EShop.Tests.csproj", "{59D93BB6-68FB-4A3E-9B3A-078AEB91E660}"
EndProject
Project("{FAE04EC0-301F-11D3-BF4B-00C04F79EFBC}") = "PP-EShop.IntegrationTests", "..\PP-EShop.IntegrationTests\PP-EShop.IntegrationTests.csproj", "{9396D2E0-D484-459B-BEBA-37751E1BCA3B}"
EndProject
Project("{FAE04EC0-301F-11D3-BF4B-00C04F79EFBC}") = "ProductService.Tests", "..\ProductService.Tests\ProductService.Tests.csproj", "{99005D5D-4411-41AC-A935-F64A39780008}"
EndProject
Project("{FAE04EC0-301F-11D3-BF4B-00C04F79EFBC}") = "ProductService.IntegrationTests", "..\ProductService.IntegrationTests\ProductService.IntegrationTests.csproj", "{01F6286B-AAB2-4F7E-8115-7201A8889DDA}"
EndProject
Project("{2150E333-8FDC-42A3-9474-1A3956D46DE8}") = "Test", "Test", "{8CC71266-1395-4461-9875-8F4810D9ABEF}"
EndProject
Project("{FAE04EC0-301F-11D3-BF4B-00C04F79EFBC}") = "User.Application.Tests", "..\User.Application.Tests\User.Application.Tests.csproj", "{7C746BB9-DF84-4CAA-9761-9166E2D44E18}"
EndProject
Project("{FAE04EC0-301F-11D3-BF4B-00C04F79EFBC}") = "User.Application.IntegrationTests", "..\User.Application.IntegrationTests\User.Application.IntegrationTests.csproj", "{ABB4942E-ED9C-494E-B1AB-879BDD4D6450}"
EndProject
Project("{FAE04EC0-301F-11D3-BF4B-00C04F79EFBC}") = "User.Domain.Tests", "..\User.Domain.Tests\User.Domain.Tests.csproj", "{48216805-7A91-4F46-9DB5-585506E27FC8}"
EndProject
Project("{FAE04EC0-301F-11D3-BF4B-00C04F79EFBC}") = "User.Domain.IntegrationTests", "..\User.Domain.IntegrationTests\User.Domain.IntegrationTests.csproj", "{F4E77BDF-6462-4914-AF9A-CB606B038341}"
EndProject
Project("{FAE04EC0-301F-11D3-BF4B-00C04F79EFBC}") = "UserService.Tests", "..\UserService.Tests\UserService.Tests.csproj", "{2D222C99-1964-408B-B879-B0235347D2C3}"
EndProject
Project("{FAE04EC0-301F-11D3-BF4B-00C04F79EFBC}") = "UserService.IntegrationTests", "..\UserService.IntegrationTests\UserService.IntegrationTests.csproj", "{4CBF3AEB-9CF3-446E-8208-4E9A833DF057}"
EndProject
Global
	GlobalSection(SolutionConfigurationPlatforms) = preSolution
		Debug|Any CPU = Debug|Any CPU
		Release|Any CPU = Release|Any CPU
	EndGlobalSection
	GlobalSection(ProjectConfigurationPlatforms) = postSolution
		{4BFD365D-6DDA-4EF7-9EEA-B9DD7CA1182D}.Debug|Any CPU.ActiveCfg = Debug|Any CPU
		{4BFD365D-6DDA-4EF7-9EEA-B9DD7CA1182D}.Debug|Any CPU.Build.0 = Debug|Any CPU
		{4BFD365D-6DDA-4EF7-9EEA-B9DD7CA1182D}.Release|Any CPU.ActiveCfg = Release|Any CPU
		{4BFD365D-6DDA-4EF7-9EEA-B9DD7CA1182D}.Release|Any CPU.Build.0 = Release|Any CPU
		{DF7C8E64-77FF-4B6E-A16E-B6598E2F6F85}.Debug|Any CPU.ActiveCfg = Debug|Any CPU
		{DF7C8E64-77FF-4B6E-A16E-B6598E2F6F85}.Debug|Any CPU.Build.0 = Debug|Any CPU
		{DF7C8E64-77FF-4B6E-A16E-B6598E2F6F85}.Release|Any CPU.ActiveCfg = Release|Any CPU
		{DF7C8E64-77FF-4B6E-A16E-B6598E2F6F85}.Release|Any CPU.Build.0 = Release|Any CPU
		{5CF8B4C8-7F17-4863-9C9A-7D642CF07D1E}.Debug|Any CPU.ActiveCfg = Debug|Any CPU
		{5CF8B4C8-7F17-4863-9C9A-7D642CF07D1E}.Debug|Any CPU.Build.0 = Debug|Any CPU
		{5CF8B4C8-7F17-4863-9C9A-7D642CF07D1E}.Release|Any CPU.ActiveCfg = Release|Any CPU
		{5CF8B4C8-7F17-4863-9C9A-7D642CF07D1E}.Release|Any CPU.Build.0 = Release|Any CPU
		{73C7A726-CD33-4DBD-BEAD-BCD575CD7DBB}.Debug|Any CPU.ActiveCfg = Debug|Any CPU
		{73C7A726-CD33-4DBD-BEAD-BCD575CD7DBB}.Debug|Any CPU.Build.0 = Debug|Any CPU
		{73C7A726-CD33-4DBD-BEAD-BCD575CD7DBB}.Release|Any CPU.ActiveCfg = Release|Any CPU
		{73C7A726-CD33-4DBD-BEAD-BCD575CD7DBB}.Release|Any CPU.Build.0 = Release|Any CPU
		{D4F54B36-5584-4287-9F03-29D310E68FC3}.Debug|Any CPU.ActiveCfg = Debug|Any CPU
		{D4F54B36-5584-4287-9F03-29D310E68FC3}.Debug|Any CPU.Build.0 = Debug|Any CPU
		{D4F54B36-5584-4287-9F03-29D310E68FC3}.Release|Any CPU.ActiveCfg = Release|Any CPU
		{D4F54B36-5584-4287-9F03-29D310E68FC3}.Release|Any CPU.Build.0 = Release|Any CPU
		{FDA8CC31-688F-4023-AF36-2E67AA225D51}.Debug|Any CPU.ActiveCfg = Debug|Any CPU
		{FDA8CC31-688F-4023-AF36-2E67AA225D51}.Debug|Any CPU.Build.0 = Debug|Any CPU
		{FDA8CC31-688F-4023-AF36-2E67AA225D51}.Release|Any CPU.ActiveCfg = Release|Any CPU
		{FDA8CC31-688F-4023-AF36-2E67AA225D51}.Release|Any CPU.Build.0 = Release|Any CPU
		{BB0DBE95-4686-440D-9A02-B6EF43D5759B}.Debug|Any CPU.ActiveCfg = Debug|Any CPU
		{BB0DBE95-4686-440D-9A02-B6EF43D5759B}.Debug|Any CPU.Build.0 = Debug|Any CPU
		{BB0DBE95-4686-440D-9A02-B6EF43D5759B}.Release|Any CPU.ActiveCfg = Release|Any CPU
		{BB0DBE95-4686-440D-9A02-B6EF43D5759B}.Release|Any CPU.Build.0 = Release|Any CPU
		{81DDED9D-158B-E303-5F62-77A2896D2A5A}.Debug|Any CPU.ActiveCfg = Debug|Any CPU
		{81DDED9D-158B-E303-5F62-77A2896D2A5A}.Debug|Any CPU.Build.0 = Debug|Any CPU
		{81DDED9D-158B-E303-5F62-77A2896D2A5A}.Release|Any CPU.ActiveCfg = Release|Any CPU
		{81DDED9D-158B-E303-5F62-77A2896D2A5A}.Release|Any CPU.Build.0 = Release|Any CPU
		{7A7A4390-6FFB-455F-BD1F-F62D8DF776F3}.Debug|Any CPU.ActiveCfg = Debug|Any CPU
		{7A7A4390-6FFB-455F-BD1F-F62D8DF776F3}.Debug|Any CPU.Build.0 = Debug|Any CPU
		{7A7A4390-6FFB-455F-BD1F-F62D8DF776F3}.Release|Any CPU.ActiveCfg = Release|Any CPU
		{7A7A4390-6FFB-455F-BD1F-F62D8DF776F3}.Release|Any CPU.Build.0 = Release|Any CPU
		{F382D5D2-F1A0-4B14-AB27-BC169F63F40F}.Debug|Any CPU.ActiveCfg = Debug|Any CPU
		{F382D5D2-F1A0-4B14-AB27-BC169F63F40F}.Debug|Any CPU.Build.0 = Debug|Any CPU
		{F382D5D2-F1A0-4B14-AB27-BC169F63F40F}.Release|Any CPU.ActiveCfg = Release|Any CPU
		{F382D5D2-F1A0-4B14-AB27-BC169F63F40F}.Release|Any CPU.Build.0 = Release|Any CPU
		{605D97C7-1C89-40B6-BB37-7B18D7EA2987}.Debug|Any CPU.ActiveCfg = Debug|Any CPU
		{605D97C7-1C89-40B6-BB37-7B18D7EA2987}.Debug|Any CPU.Build.0 = Debug|Any CPU
		{605D97C7-1C89-40B6-BB37-7B18D7EA2987}.Release|Any CPU.ActiveCfg = Release|Any CPU
		{605D97C7-1C89-40B6-BB37-7B18D7EA2987}.Release|Any CPU.Build.0 = Release|Any CPU
		{48A817A2-6494-4F28-A5DB-83EA1F8638C2}.Debug|Any CPU.ActiveCfg = Debug|Any CPU
		{48A817A2-6494-4F28-A5DB-83EA1F8638C2}.Debug|Any CPU.Build.0 = Debug|Any CPU
		{48A817A2-6494-4F28-A5DB-83EA1F8638C2}.Release|Any CPU.ActiveCfg = Release|Any CPU
		{48A817A2-6494-4F28-A5DB-83EA1F8638C2}.Release|Any CPU.Build.0 = Release|Any CPU
		{85A655FE-C466-4120-BFBE-59B590244BD1}.Debug|Any CPU.ActiveCfg = Debug|Any CPU
		{85A655FE-C466-4120-BFBE-59B590244BD1}.Debug|Any CPU.Build.0 = Debug|Any CPU
		{85A655FE-C466-4120-BFBE-59B590244BD1}.Release|Any CPU.ActiveCfg = Release|Any CPU
		{85A655FE-C466-4120-BFBE-59B590244BD1}.Release|Any CPU.Build.0 = Release|Any CPU
		{3EFCFB7F-C6BC-4588-B72A-B88ADB7EF597}.Debug|Any CPU.ActiveCfg = Debug|Any CPU
		{3EFCFB7F-C6BC-4588-B72A-B88ADB7EF597}.Debug|Any CPU.Build.0 = Debug|Any CPU
		{3EFCFB7F-C6BC-4588-B72A-B88ADB7EF597}.Release|Any CPU.ActiveCfg = Release|Any CPU
		{3EFCFB7F-C6BC-4588-B72A-B88ADB7EF597}.Release|Any CPU.Build.0 = Release|Any CPU
		{1B0AA477-D83A-4C54-BB01-F19793D0CA62}.Debug|Any CPU.ActiveCfg = Debug|Any CPU
		{1B0AA477-D83A-4C54-BB01-F19793D0CA62}.Debug|Any CPU.Build.0 = Debug|Any CPU
		{1B0AA477-D83A-4C54-BB01-F19793D0CA62}.Release|Any CPU.ActiveCfg = Release|Any CPU
		{1B0AA477-D83A-4C54-BB01-F19793D0CA62}.Release|Any CPU.Build.0 = Release|Any CPU
		{AEB3B871-582A-4F4C-8D2A-B251B4E27A6E}.Debug|Any CPU.ActiveCfg = Debug|Any CPU
		{AEB3B871-582A-4F4C-8D2A-B251B4E27A6E}.Debug|Any CPU.Build.0 = Debug|Any CPU
		{AEB3B871-582A-4F4C-8D2A-B251B4E27A6E}.Release|Any CPU.ActiveCfg = Release|Any CPU
		{AEB3B871-582A-4F4C-8D2A-B251B4E27A6E}.Release|Any CPU.Build.0 = Release|Any CPU
		{BB9CD6D0-14D0-4EB7-889B-4F28D5508D0C}.Debug|Any CPU.ActiveCfg = Debug|Any CPU
		{BB9CD6D0-14D0-4EB7-889B-4F28D5508D0C}.Debug|Any CPU.Build.0 = Debug|Any CPU
		{BB9CD6D0-14D0-4EB7-889B-4F28D5508D0C}.Release|Any CPU.ActiveCfg = Release|Any CPU
		{BB9CD6D0-14D0-4EB7-889B-4F28D5508D0C}.Release|Any CPU.Build.0 = Release|Any CPU
		{AFDD6469-D572-41BD-8BE6-51DF4ED5BD3F}.Debug|Any CPU.ActiveCfg = Debug|Any CPU
		{AFDD6469-D572-41BD-8BE6-51DF4ED5BD3F}.Debug|Any CPU.Build.0 = Debug|Any CPU
		{AFDD6469-D572-41BD-8BE6-51DF4ED5BD3F}.Release|Any CPU.ActiveCfg = Release|Any CPU
		{AFDD6469-D572-41BD-8BE6-51DF4ED5BD3F}.Release|Any CPU.Build.0 = Release|Any CPU
		{59D93BB6-68FB-4A3E-9B3A-078AEB91E660}.Debug|Any CPU.ActiveCfg = Debug|Any CPU
		{59D93BB6-68FB-4A3E-9B3A-078AEB91E660}.Debug|Any CPU.Build.0 = Debug|Any CPU
		{59D93BB6-68FB-4A3E-9B3A-078AEB91E660}.Release|Any CPU.ActiveCfg = Release|Any CPU
		{59D93BB6-68FB-4A3E-9B3A-078AEB91E660}.Release|Any CPU.Build.0 = Release|Any CPU
		{9396D2E0-D484-459B-BEBA-37751E1BCA3B}.Debug|Any CPU.ActiveCfg = Debug|Any CPU
		{9396D2E0-D484-459B-BEBA-37751E1BCA3B}.Debug|Any CPU.Build.0 = Debug|Any CPU
		{9396D2E0-D484-459B-BEBA-37751E1BCA3B}.Release|Any CPU.ActiveCfg = Release|Any CPU
		{9396D2E0-D484-459B-BEBA-37751E1BCA3B}.Release|Any CPU.Build.0 = Release|Any CPU
		{99005D5D-4411-41AC-A935-F64A39780008}.Debug|Any CPU.ActiveCfg = Debug|Any CPU
		{99005D5D-4411-41AC-A935-F64A39780008}.Debug|Any CPU.Build.0 = Debug|Any CPU
		{99005D5D-4411-41AC-A935-F64A39780008}.Release|Any CPU.ActiveCfg = Release|Any CPU
		{99005D5D-4411-41AC-A935-F64A39780008}.Release|Any CPU.Build.0 = Release|Any CPU
		{01F6286B-AAB2-4F7E-8115-7201A8889DDA}.Debug|Any CPU.ActiveCfg = Debug|Any CPU
		{01F6286B-AAB2-4F7E-8115-7201A8889DDA}.Debug|Any CPU.Build.0 = Debug|Any CPU
		{01F6286B-AAB2-4F7E-8115-7201A8889DDA}.Release|Any CPU.ActiveCfg = Release|Any CPU
		{01F6286B-AAB2-4F7E-8115-7201A8889DDA}.Release|Any CPU.Build.0 = Release|Any CPU
		{7C746BB9-DF84-4CAA-9761-9166E2D44E18}.Debug|Any CPU.ActiveCfg = Debug|Any CPU
		{7C746BB9-DF84-4CAA-9761-9166E2D44E18}.Debug|Any CPU.Build.0 = Debug|Any CPU
		{7C746BB9-DF84-4CAA-9761-9166E2D44E18}.Release|Any CPU.ActiveCfg = Release|Any CPU
		{7C746BB9-DF84-4CAA-9761-9166E2D44E18}.Release|Any CPU.Build.0 = Release|Any CPU
		{ABB4942E-ED9C-494E-B1AB-879BDD4D6450}.Debug|Any CPU.ActiveCfg = Debug|Any CPU
		{ABB4942E-ED9C-494E-B1AB-879BDD4D6450}.Debug|Any CPU.Build.0 = Debug|Any CPU
		{ABB4942E-ED9C-494E-B1AB-879BDD4D6450}.Release|Any CPU.ActiveCfg = Release|Any CPU
		{ABB4942E-ED9C-494E-B1AB-879BDD4D6450}.Release|Any CPU.Build.0 = Release|Any CPU
		{48216805-7A91-4F46-9DB5-585506E27FC8}.Debug|Any CPU.ActiveCfg = Debug|Any CPU
		{48216805-7A91-4F46-9DB5-585506E27FC8}.Debug|Any CPU.Build.0 = Debug|Any CPU
		{48216805-7A91-4F46-9DB5-585506E27FC8}.Release|Any CPU.ActiveCfg = Release|Any CPU
		{48216805-7A91-4F46-9DB5-585506E27FC8}.Release|Any CPU.Build.0 = Release|Any CPU
		{F4E77BDF-6462-4914-AF9A-CB606B038341}.Debug|Any CPU.ActiveCfg = Debug|Any CPU
		{F4E77BDF-6462-4914-AF9A-CB606B038341}.Debug|Any CPU.Build.0 = Debug|Any CPU
		{F4E77BDF-6462-4914-AF9A-CB606B038341}.Release|Any CPU.ActiveCfg = Release|Any CPU
		{F4E77BDF-6462-4914-AF9A-CB606B038341}.Release|Any CPU.Build.0 = Release|Any CPU
		{2D222C99-1964-408B-B879-B0235347D2C3}.Debug|Any CPU.ActiveCfg = Debug|Any CPU
		{2D222C99-1964-408B-B879-B0235347D2C3}.Debug|Any CPU.Build.0 = Debug|Any CPU
		{2D222C99-1964-408B-B879-B0235347D2C3}.Release|Any CPU.ActiveCfg = Release|Any CPU
		{2D222C99-1964-408B-B879-B0235347D2C3}.Release|Any CPU.Build.0 = Release|Any CPU
		{4CBF3AEB-9CF3-446E-8208-4E9A833DF057}.Debug|Any CPU.ActiveCfg = Debug|Any CPU
		{4CBF3AEB-9CF3-446E-8208-4E9A833DF057}.Debug|Any CPU.Build.0 = Debug|Any CPU
		{4CBF3AEB-9CF3-446E-8208-4E9A833DF057}.Release|Any CPU.ActiveCfg = Release|Any CPU
		{4CBF3AEB-9CF3-446E-8208-4E9A833DF057}.Release|Any CPU.Build.0 = Release|Any CPU
	EndGlobalSection
	GlobalSection(SolutionProperties) = preSolution
		HideSolutionNode = FALSE
	EndGlobalSection
	GlobalSection(NestedProjects) = preSolution
		{4BFD365D-6DDA-4EF7-9EEA-B9DD7CA1182D} = {02EA681E-C7D8-13C7-8484-4AC65E1B71E8}
		{DF7C8E64-77FF-4B6E-A16E-B6598E2F6F85} = {B757161B-E01B-4989-993F-4E9245F1936A}
		{5CF8B4C8-7F17-4863-9C9A-7D642CF07D1E} = {B757161B-E01B-4989-993F-4E9245F1936A}
		{73C7A726-CD33-4DBD-BEAD-BCD575CD7DBB} = {B757161B-E01B-4989-993F-4E9245F1936A}
		{D4F54B36-5584-4287-9F03-29D310E68FC3} = {B4E6E547-A800-48A7-85C7-053696B2FC5D}
		{FDA8CC31-688F-4023-AF36-2E67AA225D51} = {B4E6E547-A800-48A7-85C7-053696B2FC5D}
		{BB0DBE95-4686-440D-9A02-B6EF43D5759B} = {B4E6E547-A800-48A7-85C7-053696B2FC5D}
		{7A7A4390-6FFB-455F-BD1F-F62D8DF776F3} = {02EA681E-C7D8-13C7-8484-4AC65E1B71E8}
		{F382D5D2-F1A0-4B14-AB27-BC169F63F40F} = {02EA681E-C7D8-13C7-8484-4AC65E1B71E8}
		{E3EAB5A8-13BC-4145-A62B-CFD41EB603C8} = {02EA681E-C7D8-13C7-8484-4AC65E1B71E8}
		{605D97C7-1C89-40B6-BB37-7B18D7EA2987} = {E3EAB5A8-13BC-4145-A62B-CFD41EB603C8}
		{48A817A2-6494-4F28-A5DB-83EA1F8638C2} = {E3EAB5A8-13BC-4145-A62B-CFD41EB603C8}
		{85A655FE-C466-4120-BFBE-59B590244BD1} = {E3EAB5A8-13BC-4145-A62B-CFD41EB603C8}
		{3EFCFB7F-C6BC-4588-B72A-B88ADB7EF597} = {E3EAB5A8-13BC-4145-A62B-CFD41EB603C8}
		{5D1995BB-EB36-418F-B5DA-256AD3638D20} = {B4E6E547-A800-48A7-85C7-053696B2FC5D}
		{1B0AA477-D83A-4C54-BB01-F19793D0CA62} = {5D1995BB-EB36-418F-B5DA-256AD3638D20}
		{AEB3B871-582A-4F4C-8D2A-B251B4E27A6E} = {5D1995BB-EB36-418F-B5DA-256AD3638D20}
		{BB9CD6D0-14D0-4EB7-889B-4F28D5508D0C} = {5D1995BB-EB36-418F-B5DA-256AD3638D20}
		{AFDD6469-D572-41BD-8BE6-51DF4ED5BD3F} = {5D1995BB-EB36-418F-B5DA-256AD3638D20}
		{59D93BB6-68FB-4A3E-9B3A-078AEB91E660} = {E3EAB5A8-13BC-4145-A62B-CFD41EB603C8}
		{9396D2E0-D484-459B-BEBA-37751E1BCA3B} = {E3EAB5A8-13BC-4145-A62B-CFD41EB603C8}
		{99005D5D-4411-41AC-A935-F64A39780008} = {5D1995BB-EB36-418F-B5DA-256AD3638D20}
		{01F6286B-AAB2-4F7E-8115-7201A8889DDA} = {5D1995BB-EB36-418F-B5DA-256AD3638D20}
		{8CC71266-1395-4461-9875-8F4810D9ABEF} = {B757161B-E01B-4989-993F-4E9245F1936A}
		{7C746BB9-DF84-4CAA-9761-9166E2D44E18} = {8CC71266-1395-4461-9875-8F4810D9ABEF}
		{ABB4942E-ED9C-494E-B1AB-879BDD4D6450} = {8CC71266-1395-4461-9875-8F4810D9ABEF}
		{48216805-7A91-4F46-9DB5-585506E27FC8} = {8CC71266-1395-4461-9875-8F4810D9ABEF}
		{F4E77BDF-6462-4914-AF9A-CB606B038341} = {8CC71266-1395-4461-9875-8F4810D9ABEF}
		{2D222C99-1964-408B-B879-B0235347D2C3} = {8CC71266-1395-4461-9875-8F4810D9ABEF}
		{4CBF3AEB-9CF3-446E-8208-4E9A833DF057} = {8CC71266-1395-4461-9875-8F4810D9ABEF}
	EndGlobalSection
	GlobalSection(ExtensibilityGlobals) = postSolution
		SolutionGuid = {885F2FBE-EE06-4AB3-93D2-FE3D9AC49343}
	EndGlobalSection
EndGlobal
