
Microsoft Visual Studio Solution File, Format Version 12.00
# Visual Studio Version 17
VisualStudioVersion = 17.13.35931.197
MinimumVisualStudioVersion = 10.0.40219.1
Project("{FAE04EC0-301F-11D3-BF4B-00C04F79EFBC}") = "PP-Eshop", "PP-Eshop\PP-Eshop.csproj", "{4BFD365D-6DDA-4EF7-9EEA-B9DD7CA1182D}"
EndProject
Project("{2150E333-8FDC-42A3-9474-1A3956D46DE8}") = "Eshop", "Eshop", "{02EA681E-C7D8-13C7-8484-4AC65E1B71E8}"
EndProject
Project("{2150E333-8FDC-42A3-9474-1A3956D46DE8}") = "User", "User", "{B757161B-E01B-4989-993F-4E9245F1936A}"
EndProject
Project("{2150E333-8FDC-42A3-9474-1A3956D46DE8}") = "Product", "Product", "{B4E6E547-A800-48A7-85C7-053696B2FC5D}"
EndProject
Project("{FAE04EC0-301F-11D3-BF4B-00C04F79EFBC}") = "User.Domain", "User.Domain\User.Domain.csproj", "{DF7C8E64-77FF-4B6E-A16E-B6598E2F6F85}"
EndProject
Project("{FAE04EC0-301F-11D3-BF4B-00C04F79EFBC}") = "User.Application", "User.Application\User.Application.csproj", "{5CF8B4C8-7F17-4863-9C9A-7D642CF07D1E}"
EndProject
Project("{FAE04EC0-301F-11D3-BF4B-00C04F79EFBC}") = "UserService", "UserService\UserService.csproj", "{73C7A726-CD33-4DBD-BEAD-BCD575CD7DBB}"
EndProject
Project("{FAE04EC0-301F-11D3-BF4B-00C04F79EFBC}") = "ProductService", "ProductService\ProductService.csproj", "{D4F54B36-5584-4287-9F03-29D310E68FC3}"
EndProject
Project("{FAE04EC0-301F-11D3-BF4B-00C04F79EFBC}") = "Product.Domain", "Product.Domain\Product.Domain.csproj", "{FDA8CC31-688F-4023-AF36-2E67AA225D51}"
EndProject
Project("{FAE04EC0-301F-11D3-BF4B-00C04F79EFBC}") = "Product.Application", "Product.Application\Product.Application.csproj", "{BB0DBE95-4686-440D-9A02-B6EF43D5759B}"
EndProject
Project("{E53339B2-1760-4266-BCC7-CA923CBCF16C}") = "docker-compose", "docker-compose.dcproj", "{81DDED9D-158B-E303-5F62-77A2896D2A5A}"
EndProject
Project("{FAE04EC0-301F-11D3-BF4B-00C04F79EFBC}") = "Eshop.Domain", "Eshop.Domain\Eshop.Domain.csproj", "{7A7A4390-6FFB-455F-BD1F-F62D8DF776F3}"
EndProject
Project("{FAE04EC0-301F-11D3-BF4B-00C04F79EFBC}") = "Eshop.Application", "Eshop.Application\Eshop.Application.csproj", "{F382D5D2-F1A0-4B14-AB27-BC169F63F40F}"
EndProject
Project("{2150E333-8FDC-42A3-9474-1A3956D46DE8}") = "data", "data", "{FB9EF1DB-24C8-4141-AD18-114AE818EB29}"
	ProjectSection(SolutionItems) = preProject
		private.key = private.key
		public.key = public.key
	EndProjectSection
EndProject
Project("{2150E333-8FDC-42A3-9474-1A3956D46DE8}") = "Solution Items", "Solution Items", "{4A91A1C4-9B2B-414D-AAC2-70CD40AAFA4F}"
	ProjectSection(SolutionItems) = preProject
		.env = .env
	EndProjectSection
EndProject
Project("{2150E333-8FDC-42A3-9474-1A3956D46DE8}") = "Test", "Test", "{E3EAB5A8-13BC-4145-A62B-CFD41EB603C8}"
EndProject
Project("{2150E333-8FDC-42A3-9474-1A3956D46DE8}") = "Test", "Test", "{5D1995BB-EB36-418F-B5DA-256AD3638D20}"
EndProject
Project("{2150E333-8FDC-42A3-9474-1A3956D46DE8}") = "Test", "Test", "{8CC71266-1395-4461-9875-8F4810D9ABEF}"
EndProject
Project("{FAE04EC0-301F-11D3-BF4B-00C04F79EFBC}") = "EShop.Application.IntegrationTests", "EShop.Application.IntegrationTests\EShop.Application.IntegrationTests.csproj", "{856B1546-A83A-3BB6-8B45-95E99F8D3C14}"
EndProject
Project("{FAE04EC0-301F-11D3-BF4B-00C04F79EFBC}") = "EShop.Application.Tests", "EShop.Application.Tests\EShop.Application.Tests.csproj", "{F3C483D2-67BD-8477-9CD7-233D66E1EB2C}"
EndProject
Project("{FAE04EC0-301F-11D3-BF4B-00C04F79EFBC}") = "EShop.Domain.IntegrationTests", "EShop.Domain.IntegrationTests\EShop.Domain.IntegrationTests.csproj", "{8C5344EA-9687-A64A-E477-C1FB738DAB68}"
EndProject
Project("{FAE04EC0-301F-11D3-BF4B-00C04F79EFBC}") = "EShop.Domain.Tests", "EShop.Domain.Tests\EShop.Domain.Tests.csproj", "{8B7380F9-3341-9FEC-7B6C-3CA9A172741E}"
EndProject
Project("{FAE04EC0-301F-11D3-BF4B-00C04F79EFBC}") = "PP-EShop.Tests", "PP-EShop.Tests\PP-EShop.Tests.csproj", "{75B70D60-D802-702A-EC06-AC128725D902}"
EndProject
Project("{FAE04EC0-301F-11D3-BF4B-00C04F79EFBC}") = "PP-EShop.IntegrationTests", "PP-EShop.IntegrationTests\PP-EShop.IntegrationTests.csproj", "{FB3B2FE9-D167-180D-DD18-532B9F15C1F4}"
EndProject
Project("{FAE04EC0-301F-11D3-BF4B-00C04F79EFBC}") = "Product.Application.IntegrationTests", "Product.Application.IntegrationTests\Product.Application.IntegrationTests.csproj", "{35076B68-12C5-22C1-723C-69EA90C3DD08}"
EndProject
Project("{FAE04EC0-301F-11D3-BF4B-00C04F79EFBC}") = "Product.Application.Tests", "Product.Application.Tests\Product.Application.Tests.csproj", "{C0BEC249-0BE7-FEFE-E198-944895ED6614}"
EndProject
Project("{FAE04EC0-301F-11D3-BF4B-00C04F79EFBC}") = "Product.Domain.IntegrationTests", "Product.Domain.IntegrationTests\Product.Domain.IntegrationTests.csproj", "{625E047A-293B-61F8-A6DD-043C4F2A0E8C}"
EndProject
Project("{FAE04EC0-301F-11D3-BF4B-00C04F79EFBC}") = "Product.Domain.Tests", "Product.Domain.Tests\Product.Domain.Tests.csproj", "{E5299D31-CDCB-71D1-35DD-6AB4FB98A590}"
EndProject
Project("{FAE04EC0-301F-11D3-BF4B-00C04F79EFBC}") = "ProductService.Tests", "ProductService.Tests\ProductService.Tests.csproj", "{6FAE5F93-9C80-B72E-F87B-BAA58406D072}"
EndProject
Project("{FAE04EC0-301F-11D3-BF4B-00C04F79EFBC}") = "ProductService.IntegrationTests", "ProductService.IntegrationTests\ProductService.IntegrationTests.csproj", "{FB558D78-1883-A31D-BB82-A4AFCBAFE4AF}"
EndProject
Project("{FAE04EC0-301F-11D3-BF4B-00C04F79EFBC}") = "User.Application.IntegrationTests", "User.Application.IntegrationTests\User.Application.IntegrationTests.csproj", "{F66B07A4-7248-096E-9A8D-A7ACEDF24B4F}"
EndProject
Project("{FAE04EC0-301F-11D3-BF4B-00C04F79EFBC}") = "User.Application.Tests", "User.Application.Tests\User.Application.Tests.csproj", "{8B43364D-BC97-F13B-7DC5-B2157C8BE2F5}"
EndProject
Project("{FAE04EC0-301F-11D3-BF4B-00C04F79EFBC}") = "User.Domain.IntegrationTests", "User.Domain.IntegrationTests\User.Domain.IntegrationTests.csproj", "{317E0210-EF90-44AA-FC6C-478E250D6248}"
EndProject
Project("{FAE04EC0-301F-11D3-BF4B-00C04F79EFBC}") = "User.Domain.Tests", "User.Domain.Tests\User.Domain.Tests.csproj", "{C9B1A5E2-FCDE-A5E4-ACA6-E4C54D1EC261}"
EndProject
Project("{FAE04EC0-301F-11D3-BF4B-00C04F79EFBC}") = "UserService.IntegrationTests", "UserService.IntegrationTests\UserService.IntegrationTests.csproj", "{873647A5-8FD8-E4F3-1A3F-6C25C10C1A93}"
EndProject
Project("{FAE04EC0-301F-11D3-BF4B-00C04F79EFBC}") = "UserService.Tests", "UserService.Tests\UserService.Tests.csproj", "{4AA4A951-1F0D-E0FE-244C-C29D8C13EC24}"
EndProject
Global
	GlobalSection(SolutionConfigurationPlatforms) = preSolution
		Debug|Any CPU = Debug|Any CPU
		Release|Any CPU = Release|Any CPU
	EndGlobalSection
	GlobalSection(ProjectConfigurationPlatforms) = postSolution
		{4BFD365D-6DDA-4EF7-9EEA-B9DD7CA1182D}.Debug|Any CPU.ActiveCfg = Debug|Any CPU
		{4BFD365D-6DDA-4EF7-9EEA-B9DD7CA1182D}.Debug|Any CPU.Build.0 = Debug|Any CPU
		{4BFD365D-6DDA-4EF7-9EEA-B9DD7CA1182D}.Release|Any CPU.ActiveCfg = Release|Any CPU
		{4BFD365D-6DDA-4EF7-9EEA-B9DD7CA1182D}.Release|Any CPU.Build.0 = Release|Any CPU
		{DF7C8E64-77FF-4B6E-A16E-B6598E2F6F85}.Debug|Any CPU.ActiveCfg = Debug|Any CPU
		{DF7C8E64-77FF-4B6E-A16E-B6598E2F6F85}.Debug|Any CPU.Build.0 = Debug|Any CPU
		{DF7C8E64-77FF-4B6E-A16E-B6598E2F6F85}.Release|Any CPU.ActiveCfg = Release|Any CPU
		{DF7C8E64-77FF-4B6E-A16E-B6598E2F6F85}.Release|Any CPU.Build.0 = Release|Any CPU
		{5CF8B4C8-7F17-4863-9C9A-7D642CF07D1E}.Debug|Any CPU.ActiveCfg = Debug|Any CPU
		{5CF8B4C8-7F17-4863-9C9A-7D642CF07D1E}.Debug|Any CPU.Build.0 = Debug|Any CPU
		{5CF8B4C8-7F17-4863-9C9A-7D642CF07D1E}.Release|Any CPU.ActiveCfg = Release|Any CPU
		{5CF8B4C8-7F17-4863-9C9A-7D642CF07D1E}.Release|Any CPU.Build.0 = Release|Any CPU
		{73C7A726-CD33-4DBD-BEAD-BCD575CD7DBB}.Debug|Any CPU.ActiveCfg = Debug|Any CPU
		{73C7A726-CD33-4DBD-BEAD-BCD575CD7DBB}.Debug|Any CPU.Build.0 = Debug|Any CPU
		{73C7A726-CD33-4DBD-BEAD-BCD575CD7DBB}.Release|Any CPU.ActiveCfg = Release|Any CPU
		{73C7A726-CD33-4DBD-BEAD-BCD575CD7DBB}.Release|Any CPU.Build.0 = Release|Any CPU
		{D4F54B36-5584-4287-9F03-29D310E68FC3}.Debug|Any CPU.ActiveCfg = Debug|Any CPU
		{D4F54B36-5584-4287-9F03-29D310E68FC3}.Debug|Any CPU.Build.0 = Debug|Any CPU
		{D4F54B36-5584-4287-9F03-29D310E68FC3}.Release|Any CPU.ActiveCfg = Release|Any CPU
		{D4F54B36-5584-4287-9F03-29D310E68FC3}.Release|Any CPU.Build.0 = Release|Any CPU
		{FDA8CC31-688F-4023-AF36-2E67AA225D51}.Debug|Any CPU.ActiveCfg = Debug|Any CPU
		{FDA8CC31-688F-4023-AF36-2E67AA225D51}.Debug|Any CPU.Build.0 = Debug|Any CPU
		{FDA8CC31-688F-4023-AF36-2E67AA225D51}.Release|Any CPU.ActiveCfg = Release|Any CPU
		{FDA8CC31-688F-4023-AF36-2E67AA225D51}.Release|Any CPU.Build.0 = Release|Any CPU
		{BB0DBE95-4686-440D-9A02-B6EF43D5759B}.Debug|Any CPU.ActiveCfg = Debug|Any CPU
		{BB0DBE95-4686-440D-9A02-B6EF43D5759B}.Debug|Any CPU.Build.0 = Debug|Any CPU
		{BB0DBE95-4686-440D-9A02-B6EF43D5759B}.Release|Any CPU.ActiveCfg = Release|Any CPU
		{BB0DBE95-4686-440D-9A02-B6EF43D5759B}.Release|Any CPU.Build.0 = Release|Any CPU
		{81DDED9D-158B-E303-5F62-77A2896D2A5A}.Debug|Any CPU.ActiveCfg = Debug|Any CPU
		{81DDED9D-158B-E303-5F62-77A2896D2A5A}.Debug|Any CPU.Build.0 = Debug|Any CPU
		{81DDED9D-158B-E303-5F62-77A2896D2A5A}.Release|Any CPU.ActiveCfg = Release|Any CPU
		{81DDED9D-158B-E303-5F62-77A2896D2A5A}.Release|Any CPU.Build.0 = Release|Any CPU
		{7A7A4390-6FFB-455F-BD1F-F62D8DF776F3}.Debug|Any CPU.ActiveCfg = Debug|Any CPU
		{7A7A4390-6FFB-455F-BD1F-F62D8DF776F3}.Debug|Any CPU.Build.0 = Debug|Any CPU
		{7A7A4390-6FFB-455F-BD1F-F62D8DF776F3}.Release|Any CPU.ActiveCfg = Release|Any CPU
		{7A7A4390-6FFB-455F-BD1F-F62D8DF776F3}.Release|Any CPU.Build.0 = Release|Any CPU
		{F382D5D2-F1A0-4B14-AB27-BC169F63F40F}.Debug|Any CPU.ActiveCfg = Debug|Any CPU
		{F382D5D2-F1A0-4B14-AB27-BC169F63F40F}.Debug|Any CPU.Build.0 = Debug|Any CPU
		{F382D5D2-F1A0-4B14-AB27-BC169F63F40F}.Release|Any CPU.ActiveCfg = Release|Any CPU
		{F382D5D2-F1A0-4B14-AB27-BC169F63F40F}.Release|Any CPU.Build.0 = Release|Any CPU
		{856B1546-A83A-3BB6-8B45-95E99F8D3C14}.Debug|Any CPU.ActiveCfg = Debug|Any CPU
		{856B1546-A83A-3BB6-8B45-95E99F8D3C14}.Debug|Any CPU.Build.0 = Debug|Any CPU
		{856B1546-A83A-3BB6-8B45-95E99F8D3C14}.Release|Any CPU.ActiveCfg = Release|Any CPU
		{856B1546-A83A-3BB6-8B45-95E99F8D3C14}.Release|Any CPU.Build.0 = Release|Any CPU
		{F3C483D2-67BD-8477-9CD7-233D66E1EB2C}.Debug|Any CPU.ActiveCfg = Debug|Any CPU
		{F3C483D2-67BD-8477-9CD7-233D66E1EB2C}.Debug|Any CPU.Build.0 = Debug|Any CPU
		{F3C483D2-67BD-8477-9CD7-233D66E1EB2C}.Release|Any CPU.ActiveCfg = Release|Any CPU
		{F3C483D2-67BD-8477-9CD7-233D66E1EB2C}.Release|Any CPU.Build.0 = Release|Any CPU
		{8C5344EA-9687-A64A-E477-C1FB738DAB68}.Debug|Any CPU.ActiveCfg = Debug|Any CPU
		{8C5344EA-9687-A64A-E477-C1FB738DAB68}.Debug|Any CPU.Build.0 = Debug|Any CPU
		{8C5344EA-9687-A64A-E477-C1FB738DAB68}.Release|Any CPU.ActiveCfg = Release|Any CPU
		{8C5344EA-9687-A64A-E477-C1FB738DAB68}.Release|Any CPU.Build.0 = Release|Any CPU
		{8B7380F9-3341-9FEC-7B6C-3CA9A172741E}.Debug|Any CPU.ActiveCfg = Debug|Any CPU
		{8B7380F9-3341-9FEC-7B6C-3CA9A172741E}.Debug|Any CPU.Build.0 = Debug|Any CPU
		{8B7380F9-3341-9FEC-7B6C-3CA9A172741E}.Release|Any CPU.ActiveCfg = Release|Any CPU
		{8B7380F9-3341-9FEC-7B6C-3CA9A172741E}.Release|Any CPU.Build.0 = Release|Any CPU
		{75B70D60-D802-702A-EC06-AC128725D902}.Debug|Any CPU.ActiveCfg = Debug|Any CPU
		{75B70D60-D802-702A-EC06-AC128725D902}.Debug|Any CPU.Build.0 = Debug|Any CPU
		{75B70D60-D802-702A-EC06-AC128725D902}.Release|Any CPU.ActiveCfg = Release|Any CPU
		{75B70D60-D802-702A-EC06-AC128725D902}.Release|Any CPU.Build.0 = Release|Any CPU
		{FB3B2FE9-D167-180D-DD18-532B9F15C1F4}.Debug|Any CPU.ActiveCfg = Debug|Any CPU
		{FB3B2FE9-D167-180D-DD18-532B9F15C1F4}.Debug|Any CPU.Build.0 = Debug|Any CPU
		{FB3B2FE9-D167-180D-DD18-532B9F15C1F4}.Release|Any CPU.ActiveCfg = Release|Any CPU
		{FB3B2FE9-D167-180D-DD18-532B9F15C1F4}.Release|Any CPU.Build.0 = Release|Any CPU
		{35076B68-12C5-22C1-723C-69EA90C3DD08}.Debug|Any CPU.ActiveCfg = Debug|Any CPU
		{35076B68-12C5-22C1-723C-69EA90C3DD08}.Debug|Any CPU.Build.0 = Debug|Any CPU
		{35076B68-12C5-22C1-723C-69EA90C3DD08}.Release|Any CPU.ActiveCfg = Release|Any CPU
		{35076B68-12C5-22C1-723C-69EA90C3DD08}.Release|Any CPU.Build.0 = Release|Any CPU
		{C0BEC249-0BE7-FEFE-E198-944895ED6614}.Debug|Any CPU.ActiveCfg = Debug|Any CPU
		{C0BEC249-0BE7-FEFE-E198-944895ED6614}.Debug|Any CPU.Build.0 = Debug|Any CPU
		{C0BEC249-0BE7-FEFE-E198-944895ED6614}.Release|Any CPU.ActiveCfg = Release|Any CPU
		{C0BEC249-0BE7-FEFE-E198-944895ED6614}.Release|Any CPU.Build.0 = Release|Any CPU
		{625E047A-293B-61F8-A6DD-043C4F2A0E8C}.Debug|Any CPU.ActiveCfg = Debug|Any CPU
		{625E047A-293B-61F8-A6DD-043C4F2A0E8C}.Debug|Any CPU.Build.0 = Debug|Any CPU
		{625E047A-293B-61F8-A6DD-043C4F2A0E8C}.Release|Any CPU.ActiveCfg = Release|Any CPU
		{625E047A-293B-61F8-A6DD-043C4F2A0E8C}.Release|Any CPU.Build.0 = Release|Any CPU
		{E5299D31-CDCB-71D1-35DD-6AB4FB98A590}.Debug|Any CPU.ActiveCfg = Debug|Any CPU
		{E5299D31-CDCB-71D1-35DD-6AB4FB98A590}.Debug|Any CPU.Build.0 = Debug|Any CPU
		{E5299D31-CDCB-71D1-35DD-6AB4FB98A590}.Release|Any CPU.ActiveCfg = Release|Any CPU
		{E5299D31-CDCB-71D1-35DD-6AB4FB98A590}.Release|Any CPU.Build.0 = Release|Any CPU
		{6FAE5F93-9C80-B72E-F87B-BAA58406D072}.Debug|Any CPU.ActiveCfg = Debug|Any CPU
		{6FAE5F93-9C80-B72E-F87B-BAA58406D072}.Debug|Any CPU.Build.0 = Debug|Any CPU
		{6FAE5F93-9C80-B72E-F87B-BAA58406D072}.Release|Any CPU.ActiveCfg = Release|Any CPU
		{6FAE5F93-9C80-B72E-F87B-BAA58406D072}.Release|Any CPU.Build.0 = Release|Any CPU
		{FB558D78-1883-A31D-BB82-A4AFCBAFE4AF}.Debug|Any CPU.ActiveCfg = Debug|Any CPU
		{FB558D78-1883-A31D-BB82-A4AFCBAFE4AF}.Debug|Any CPU.Build.0 = Debug|Any CPU
		{FB558D78-1883-A31D-BB82-A4AFCBAFE4AF}.Release|Any CPU.ActiveCfg = Release|Any CPU
		{FB558D78-1883-A31D-BB82-A4AFCBAFE4AF}.Release|Any CPU.Build.0 = Release|Any CPU
		{F66B07A4-7248-096E-9A8D-A7ACEDF24B4F}.Debug|Any CPU.ActiveCfg = Debug|Any CPU
		{F66B07A4-7248-096E-9A8D-A7ACEDF24B4F}.Debug|Any CPU.Build.0 = Debug|Any CPU
		{F66B07A4-7248-096E-9A8D-A7ACEDF24B4F}.Release|Any CPU.ActiveCfg = Release|Any CPU
		{F66B07A4-7248-096E-9A8D-A7ACEDF24B4F}.Release|Any CPU.Build.0 = Release|Any CPU
		{8B43364D-BC97-F13B-7DC5-B2157C8BE2F5}.Debug|Any CPU.ActiveCfg = Debug|Any CPU
		{8B43364D-BC97-F13B-7DC5-B2157C8BE2F5}.Debug|Any CPU.Build.0 = Debug|Any CPU
		{8B43364D-BC97-F13B-7DC5-B2157C8BE2F5}.Release|Any CPU.ActiveCfg = Release|Any CPU
		{8B43364D-BC97-F13B-7DC5-B2157C8BE2F5}.Release|Any CPU.Build.0 = Release|Any CPU
		{317E0210-EF90-44AA-FC6C-478E250D6248}.Debug|Any CPU.ActiveCfg = Debug|Any CPU
		{317E0210-EF90-44AA-FC6C-478E250D6248}.Debug|Any CPU.Build.0 = Debug|Any CPU
		{317E0210-EF90-44AA-FC6C-478E250D6248}.Release|Any CPU.ActiveCfg = Release|Any CPU
		{317E0210-EF90-44AA-FC6C-478E250D6248}.Release|Any CPU.Build.0 = Release|Any CPU
		{C9B1A5E2-FCDE-A5E4-ACA6-E4C54D1EC261}.Debug|Any CPU.ActiveCfg = Debug|Any CPU
		{C9B1A5E2-FCDE-A5E4-ACA6-E4C54D1EC261}.Debug|Any CPU.Build.0 = Debug|Any CPU
		{C9B1A5E2-FCDE-A5E4-ACA6-E4C54D1EC261}.Release|Any CPU.ActiveCfg = Release|Any CPU
		{C9B1A5E2-FCDE-A5E4-ACA6-E4C54D1EC261}.Release|Any CPU.Build.0 = Release|Any CPU
		{873647A5-8FD8-E4F3-1A3F-6C25C10C1A93}.Debug|Any CPU.ActiveCfg = Debug|Any CPU
		{873647A5-8FD8-E4F3-1A3F-6C25C10C1A93}.Debug|Any CPU.Build.0 = Debug|Any CPU
		{873647A5-8FD8-E4F3-1A3F-6C25C10C1A93}.Release|Any CPU.ActiveCfg = Release|Any CPU
		{873647A5-8FD8-E4F3-1A3F-6C25C10C1A93}.Release|Any CPU.Build.0 = Release|Any CPU
		{4AA4A951-1F0D-E0FE-244C-C29D8C13EC24}.Debug|Any CPU.ActiveCfg = Debug|Any CPU
		{4AA4A951-1F0D-E0FE-244C-C29D8C13EC24}.Debug|Any CPU.Build.0 = Debug|Any CPU
		{4AA4A951-1F0D-E0FE-244C-C29D8C13EC24}.Release|Any CPU.ActiveCfg = Release|Any CPU
		{4AA4A951-1F0D-E0FE-244C-C29D8C13EC24}.Release|Any CPU.Build.0 = Release|Any CPU
	EndGlobalSection
	GlobalSection(SolutionProperties) = preSolution
		HideSolutionNode = FALSE
	EndGlobalSection
	GlobalSection(NestedProjects) = preSolution
		{4BFD365D-6DDA-4EF7-9EEA-B9DD7CA1182D} = {02EA681E-C7D8-13C7-8484-4AC65E1B71E8}
		{DF7C8E64-77FF-4B6E-A16E-B6598E2F6F85} = {B757161B-E01B-4989-993F-4E9245F1936A}
		{5CF8B4C8-7F17-4863-9C9A-7D642CF07D1E} = {B757161B-E01B-4989-993F-4E9245F1936A}
		{73C7A726-CD33-4DBD-BEAD-BCD575CD7DBB} = {B757161B-E01B-4989-993F-4E9245F1936A}
		{D4F54B36-5584-4287-9F03-29D310E68FC3} = {B4E6E547-A800-48A7-85C7-053696B2FC5D}
		{FDA8CC31-688F-4023-AF36-2E67AA225D51} = {B4E6E547-A800-48A7-85C7-053696B2FC5D}
		{BB0DBE95-4686-440D-9A02-B6EF43D5759B} = {B4E6E547-A800-48A7-85C7-053696B2FC5D}
		{7A7A4390-6FFB-455F-BD1F-F62D8DF776F3} = {02EA681E-C7D8-13C7-8484-4AC65E1B71E8}
		{F382D5D2-F1A0-4B14-AB27-BC169F63F40F} = {02EA681E-C7D8-13C7-8484-4AC65E1B71E8}
		{E3EAB5A8-13BC-4145-A62B-CFD41EB603C8} = {02EA681E-C7D8-13C7-8484-4AC65E1B71E8}
		{5D1995BB-EB36-418F-B5DA-256AD3638D20} = {B4E6E547-A800-48A7-85C7-053696B2FC5D}
		{8CC71266-1395-4461-9875-8F4810D9ABEF} = {B757161B-E01B-4989-993F-4E9245F1936A}
		{856B1546-A83A-3BB6-8B45-95E99F8D3C14} = {E3EAB5A8-13BC-4145-A62B-CFD41EB603C8}
		{F3C483D2-67BD-8477-9CD7-233D66E1EB2C} = {E3EAB5A8-13BC-4145-A62B-CFD41EB603C8}
		{8C5344EA-9687-A64A-E477-C1FB738DAB68} = {E3EAB5A8-13BC-4145-A62B-CFD41EB603C8}
		{8B7380F9-3341-9FEC-7B6C-3CA9A172741E} = {E3EAB5A8-13BC-4145-A62B-CFD41EB603C8}
		{75B70D60-D802-702A-EC06-AC128725D902} = {E3EAB5A8-13BC-4145-A62B-CFD41EB603C8}
		{FB3B2FE9-D167-180D-DD18-532B9F15C1F4} = {E3EAB5A8-13BC-4145-A62B-CFD41EB603C8}
		{35076B68-12C5-22C1-723C-69EA90C3DD08} = {5D1995BB-EB36-418F-B5DA-256AD3638D20}
		{C0BEC249-0BE7-FEFE-E198-944895ED6614} = {5D1995BB-EB36-418F-B5DA-256AD3638D20}
		{625E047A-293B-61F8-A6DD-043C4F2A0E8C} = {5D1995BB-EB36-418F-B5DA-256AD3638D20}
		{E5299D31-CDCB-71D1-35DD-6AB4FB98A590} = {5D1995BB-EB36-418F-B5DA-256AD3638D20}
		{6FAE5F93-9C80-B72E-F87B-BAA58406D072} = {5D1995BB-EB36-418F-B5DA-256AD3638D20}
		{FB558D78-1883-A31D-BB82-A4AFCBAFE4AF} = {5D1995BB-EB36-418F-B5DA-256AD3638D20}
		{F66B07A4-7248-096E-9A8D-A7ACEDF24B4F} = {8CC71266-1395-4461-9875-8F4810D9ABEF}
		{8B43364D-BC97-F13B-7DC5-B2157C8BE2F5} = {8CC71266-1395-4461-9875-8F4810D9ABEF}
		{317E0210-EF90-44AA-FC6C-478E250D6248} = {8CC71266-1395-4461-9875-8F4810D9ABEF}
		{C9B1A5E2-FCDE-A5E4-ACA6-E4C54D1EC261} = {8CC71266-1395-4461-9875-8F4810D9ABEF}
		{873647A5-8FD8-E4F3-1A3F-6C25C10C1A93} = {8CC71266-1395-4461-9875-8F4810D9ABEF}
		{4AA4A951-1F0D-E0FE-244C-C29D8C13EC24} = {8CC71266-1395-4461-9875-8F4810D9ABEF}
	EndGlobalSection
	GlobalSection(ExtensibilityGlobals) = postSolution
		SolutionGuid = {885F2FBE-EE06-4AB3-93D2-FE3D9AC49343}
	EndGlobalSection
EndGlobal
